
Microsoft Visual Studio Solution File, Format Version 12.00
# Visual Studio Version 17
VisualStudioVersion = 17.11.35327.3
MinimumVisualStudioVersion = 10.0.40219.1
Project("{2150E333-8FDC-42A3-9474-1A3956D46DE8}") = "Services", "Services", "{8CA88E30-3EA9-4B7D-BAE4-C66E2676BD01}"
EndProject
Project("{2150E333-8FDC-42A3-9474-1A3956D46DE8}") = "Catalog", "Catalog", "{742BF4F2-79E3-49A6-8006-0DF1287BE42D}"
EndProject
Project("{9A19103F-16F7-4668-BE54-9A1E7A4F7556}") = "ECommerce.Catalog", "Services\Catalog\ECommerce.Catalog\ECommerce.Catalog.csproj", "{A485BF2A-64EF-4F2C-88E4-6F38AC26DC53}"
EndProject
Project("{2150E333-8FDC-42A3-9474-1A3956D46DE8}") = "Discount", "Discount", "{779409D9-AEA2-4071-A0A4-123DCCF5992B}"
EndProject
Project("{FAE04EC0-301F-11D3-BF4B-00C04F79EFBC}") = "ECommerce.Discount", "Services\Discount\ECommerce.Discount\ECommerce.Discount.csproj", "{DDEEF2A6-FAEC-4F4E-A258-D16B7991EB3A}"
EndProject
Project("{2150E333-8FDC-42A3-9474-1A3956D46DE8}") = "Order", "Order", "{D2042AFF-EA2A-4246-8690-F28DCEBF4FED}"
EndProject
Project("{2150E333-8FDC-42A3-9474-1A3956D46DE8}") = "Core", "Core", "{E314C81A-6D81-426F-8F13-0E75B69F472D}"
EndProject
Project("{2150E333-8FDC-42A3-9474-1A3956D46DE8}") = "Infrastructure", "Infrastructure", "{073A2425-7B7C-4FE3-851F-244AC4237B28}"
EndProject
Project("{2150E333-8FDC-42A3-9474-1A3956D46DE8}") = "Presentation", "Presentation", "{A8015876-4C33-4D04-98B7-642B0DFEDC10}"
EndProject
Project("{FAE04EC0-301F-11D3-BF4B-00C04F79EFBC}") = "ECommerce.Order.Domain", "Services\Order\Core\ECommerce.Order.Domain\ECommerce.Order.Domain.csproj", "{96EE8768-6F9B-47E2-8ACC-4F4E27FAED39}"
EndProject
Project("{FAE04EC0-301F-11D3-BF4B-00C04F79EFBC}") = "ECommerce.Order.Application", "Services\Order\Core\ECommerce.Order.Application\ECommerce.Order.Application.csproj", "{30AFE6F6-1882-4A97-BBAE-CAA4346AB527}"
EndProject
Project("{FAE04EC0-301F-11D3-BF4B-00C04F79EFBC}") = "ECommerce.Order.Persistence", "Services\Order\Infrastructure\ECommerce.Order.Persistence\ECommerce.Order.Persistence.csproj", "{2227D558-4576-4569-9262-461F3C1B6534}"
EndProject
Project("{FAE04EC0-301F-11D3-BF4B-00C04F79EFBC}") = "ECommerce.Order.WebApi", "Services\Order\Presentation\ECommerce.Order.WebApi\ECommerce.Order.WebApi.csproj", "{25FB4089-8749-4FDC-A4CA-678BAB528614}"
EndProject
Global
	GlobalSection(SolutionConfigurationPlatforms) = preSolution
		Debug|Any CPU = Debug|Any CPU
		Release|Any CPU = Release|Any CPU
	EndGlobalSection
	GlobalSection(ProjectConfigurationPlatforms) = postSolution
		{A485BF2A-64EF-4F2C-88E4-6F38AC26DC53}.Debug|Any CPU.ActiveCfg = Debug|Any CPU
		{A485BF2A-64EF-4F2C-88E4-6F38AC26DC53}.Debug|Any CPU.Build.0 = Debug|Any CPU
		{A485BF2A-64EF-4F2C-88E4-6F38AC26DC53}.Release|Any CPU.ActiveCfg = Release|Any CPU
		{A485BF2A-64EF-4F2C-88E4-6F38AC26DC53}.Release|Any CPU.Build.0 = Release|Any CPU
		{DDEEF2A6-FAEC-4F4E-A258-D16B7991EB3A}.Debug|Any CPU.ActiveCfg = Debug|Any CPU
		{DDEEF2A6-FAEC-4F4E-A258-D16B7991EB3A}.Debug|Any CPU.Build.0 = Debug|Any CPU
		{DDEEF2A6-FAEC-4F4E-A258-D16B7991EB3A}.Release|Any CPU.ActiveCfg = Release|Any CPU
		{DDEEF2A6-FAEC-4F4E-A258-D16B7991EB3A}.Release|Any CPU.Build.0 = Release|Any CPU
		{96EE8768-6F9B-47E2-8ACC-4F4E27FAED39}.Debug|Any CPU.ActiveCfg = Debug|Any CPU
		{96EE8768-6F9B-47E2-8ACC-4F4E27FAED39}.Debug|Any CPU.Build.0 = Debug|Any CPU
		{96EE8768-6F9B-47E2-8ACC-4F4E27FAED39}.Release|Any CPU.ActiveCfg = Release|Any CPU
		{96EE8768-6F9B-47E2-8ACC-4F4E27FAED39}.Release|Any CPU.Build.0 = Release|Any CPU
		{30AFE6F6-1882-4A97-BBAE-CAA4346AB527}.Debug|Any CPU.ActiveCfg = Debug|Any CPU
		{30AFE6F6-1882-4A97-BBAE-CAA4346AB527}.Debug|Any CPU.Build.0 = Debug|Any CPU
		{30AFE6F6-1882-4A97-BBAE-CAA4346AB527}.Release|Any CPU.ActiveCfg = Release|Any CPU
		{30AFE6F6-1882-4A97-BBAE-CAA4346AB527}.Release|Any CPU.Build.0 = Release|Any CPU
		{2227D558-4576-4569-9262-461F3C1B6534}.Debug|Any CPU.ActiveCfg = Debug|Any CPU
		{2227D558-4576-4569-9262-461F3C1B6534}.Debug|Any CPU.Build.0 = Debug|Any CPU
		{2227D558-4576-4569-9262-461F3C1B6534}.Release|Any CPU.ActiveCfg = Release|Any CPU
		{2227D558-4576-4569-9262-461F3C1B6534}.Release|Any CPU.Build.0 = Release|Any CPU
		{25FB4089-8749-4FDC-A4CA-678BAB528614}.Debug|Any CPU.ActiveCfg = Debug|Any CPU
		{25FB4089-8749-4FDC-A4CA-678BAB528614}.Debug|Any CPU.Build.0 = Debug|Any CPU
		{25FB4089-8749-4FDC-A4CA-678BAB528614}.Release|Any CPU.ActiveCfg = Release|Any CPU
		{25FB4089-8749-4FDC-A4CA-678BAB528614}.Release|Any CPU.Build.0 = Release|Any CPU
	EndGlobalSection
	GlobalSection(SolutionProperties) = preSolution
		HideSolutionNode = FALSE
	EndGlobalSection
	GlobalSection(NestedProjects) = preSolution
		{742BF4F2-79E3-49A6-8006-0DF1287BE42D} = {8CA88E30-3EA9-4B7D-BAE4-C66E2676BD01}
		{A485BF2A-64EF-4F2C-88E4-6F38AC26DC53} = {742BF4F2-79E3-49A6-8006-0DF1287BE42D}
		{779409D9-AEA2-4071-A0A4-123DCCF5992B} = {8CA88E30-3EA9-4B7D-BAE4-C66E2676BD01}
		{DDEEF2A6-FAEC-4F4E-A258-D16B7991EB3A} = {779409D9-AEA2-4071-A0A4-123DCCF5992B}
		{D2042AFF-EA2A-4246-8690-F28DCEBF4FED} = {8CA88E30-3EA9-4B7D-BAE4-C66E2676BD01}
		{E314C81A-6D81-426F-8F13-0E75B69F472D} = {D2042AFF-EA2A-4246-8690-F28DCEBF4FED}
		{073A2425-7B7C-4FE3-851F-244AC4237B28} = {D2042AFF-EA2A-4246-8690-F28DCEBF4FED}
		{A8015876-4C33-4D04-98B7-642B0DFEDC10} = {D2042AFF-EA2A-4246-8690-F28DCEBF4FED}
		{96EE8768-6F9B-47E2-8ACC-4F4E27FAED39} = {E314C81A-6D81-426F-8F13-0E75B69F472D}
		{30AFE6F6-1882-4A97-BBAE-CAA4346AB527} = {E314C81A-6D81-426F-8F13-0E75B69F472D}
		{2227D558-4576-4569-9262-461F3C1B6534} = {073A2425-7B7C-4FE3-851F-244AC4237B28}
		{25FB4089-8749-4FDC-A4CA-678BAB528614} = {A8015876-4C33-4D04-98B7-642B0DFEDC10}
	EndGlobalSection
	GlobalSection(ExtensibilityGlobals) = postSolution
		SolutionGuid = {AC13BCE6-60CF-4B48-8F3A-91B6A07DB7B0}
	EndGlobalSection
EndGlobal
